
Microsoft Visual Studio Solution File, Format Version 12.00
# Visual Studio 15
VisualStudioVersion = 15.0.28307.1169
MinimumVisualStudioVersion = 10.0.40219.1
Project("{FAE04EC0-301F-11D3-BF4B-00C04F79EFBC}") = "CreatePP", "CreatePP\CreatePP.csproj", "{F6D9CE26-F7B2-4892-A94E-F6F168B0E886}"
EndProject
Global
	GlobalSection(SolutionConfigurationPlatforms) = preSolution
		Debug|Any CPU = Debug|Any CPU
		Release|Any CPU = Release|Any CPU
	EndGlobalSection
	GlobalSection(ProjectConfigurationPlatforms) = postSolution
		{F6D9CE26-F7B2-4892-A94E-F6F168B0E886}.Debug|Any CPU.ActiveCfg = Debug|Any CPU
		{F6D9CE26-F7B2-4892-A94E-F6F168B0E886}.Debug|Any CPU.Build.0 = Debug|Any CPU
		{F6D9CE26-F7B2-4892-A94E-F6F168B0E886}.Release|Any CPU.ActiveCfg = Release|Any CPU
		{F6D9CE26-F7B2-4892-A94E-F6F168B0E886}.Release|Any CPU.Build.0 = Release|Any CPU
	EndGlobalSection
	GlobalSection(SolutionProperties) = preSolution
		HideSolutionNode = FALSE
	EndGlobalSection
	GlobalSection(ExtensibilityGlobals) = postSolution
		SolutionGuid = {3DE7875C-4AF8-457B-9D70-F86DB162D442}
	EndGlobalSection
EndGlobal
